
Microsoft Visual Studio Solution File, Format Version 12.00
# Visual Studio Version 16
VisualStudioVersion = 16.0.31205.134
MinimumVisualStudioVersion = 10.0.40219.1
Project("{FAE04EC0-301F-11D3-BF4B-00C04F79EFBC}") = "testing", "testing.csproj", "{3FDA4FB6-640B-481F-80DA-1051DAD7CAE2}"
EndProject
Global
	GlobalSection(SolutionConfigurationPlatforms) = preSolution
		Debug|Any CPU = Debug|Any CPU
		Release|Any CPU = Release|Any CPU
	EndGlobalSection
	GlobalSection(ProjectConfigurationPlatforms) = postSolution
		{3FDA4FB6-640B-481F-80DA-1051DAD7CAE2}.Debug|Any CPU.ActiveCfg = Debug|Any CPU
		{3FDA4FB6-640B-481F-80DA-1051DAD7CAE2}.Debug|Any CPU.Build.0 = Debug|Any CPU
		{3FDA4FB6-640B-481F-80DA-1051DAD7CAE2}.Release|Any CPU.ActiveCfg = Release|Any CPU
		{3FDA4FB6-640B-481F-80DA-1051DAD7CAE2}.Release|Any CPU.Build.0 = Release|Any CPU
	EndGlobalSection
	GlobalSection(SolutionProperties) = preSolution
		HideSolutionNode = FALSE
	EndGlobalSection
	GlobalSection(ExtensibilityGlobals) = postSolution
		SolutionGuid = {43B273AC-A0A9-4381-A35F-0CD5581945C0}
	EndGlobalSection
EndGlobal
